
Microsoft Visual Studio Solution File, Format Version 12.00
# Visual Studio Version 17
VisualStudioVersion = 17.6.33723.286
MinimumVisualStudioVersion = 10.0.40219.1
Project("{FAE04EC0-301F-11D3-BF4B-00C04F79EFBC}") = "Generations", "Generations\Generations.csproj", "{452532C2-934C-4EF8-A1EF-E435D746AE79}"
EndProject
Global
	GlobalSection(SolutionConfigurationPlatforms) = preSolution
		Debug|Any CPU = Debug|Any CPU
		Release|Any CPU = Release|Any CPU
	EndGlobalSection
	GlobalSection(ProjectConfigurationPlatforms) = postSolution
		{452532C2-934C-4EF8-A1EF-E435D746AE79}.Debug|Any CPU.ActiveCfg = Debug|Any CPU
		{452532C2-934C-4EF8-A1EF-E435D746AE79}.Debug|Any CPU.Build.0 = Debug|Any CPU
		{452532C2-934C-4EF8-A1EF-E435D746AE79}.Release|Any CPU.ActiveCfg = Release|Any CPU
		{452532C2-934C-4EF8-A1EF-E435D746AE79}.Release|Any CPU.Build.0 = Release|Any CPU
	EndGlobalSection
	GlobalSection(SolutionProperties) = preSolution
		HideSolutionNode = FALSE
	EndGlobalSection
	GlobalSection(ExtensibilityGlobals) = postSolution
		SolutionGuid = {AA365F70-71DD-4120-9F55-D3C8FF3459EF}
	EndGlobalSection
EndGlobal
